
Microsoft Visual Studio Solution File, Format Version 12.00
# Visual Studio Version 17
VisualStudioVersion = 17.5.33530.505
MinimumVisualStudioVersion = 10.0.40219.1
Project("{888888A0-9F3D-457C-B088-3A5042F75D52}") = "Lab2", "Lab2.pyproj", "{A8EC427E-F96D-404A-85E1-6CF68A2BA93C}"
EndProject
Global
	GlobalSection(SolutionConfigurationPlatforms) = preSolution
		Debug|Any CPU = Debug|Any CPU
		Release|Any CPU = Release|Any CPU
	EndGlobalSection
	GlobalSection(ProjectConfigurationPlatforms) = postSolution
		{A8EC427E-F96D-404A-85E1-6CF68A2BA93C}.Debug|Any CPU.ActiveCfg = Debug|Any CPU
		{A8EC427E-F96D-404A-85E1-6CF68A2BA93C}.Release|Any CPU.ActiveCfg = Release|Any CPU
	EndGlobalSection
	GlobalSection(SolutionProperties) = preSolution
		HideSolutionNode = FALSE
	EndGlobalSection
	GlobalSection(ExtensibilityGlobals) = postSolution
		SolutionGuid = {DFC97D85-C446-4FAF-B280-B2CF6C7E2F8B}
	EndGlobalSection
EndGlobal
